
Microsoft Visual Studio Solution File, Format Version 12.00
# Visual Studio Version 17
VisualStudioVersion = 17.0.32014.148
MinimumVisualStudioVersion = 10.0.40219.1
Project("{9A19103F-16F7-4668-BE54-9A1E7A4F7556}") = "WebApplication5", "WebApplication5.csproj", "{719C6CBB-2B5A-4370-BBBE-0472C07809B0}"
EndProject
Global
	GlobalSection(SolutionConfigurationPlatforms) = preSolution
		Debug|Any CPU = Debug|Any CPU
		Release|Any CPU = Release|Any CPU
	EndGlobalSection
	GlobalSection(ProjectConfigurationPlatforms) = postSolution
		{719C6CBB-2B5A-4370-BBBE-0472C07809B0}.Debug|Any CPU.ActiveCfg = Debug|Any CPU
		{719C6CBB-2B5A-4370-BBBE-0472C07809B0}.Debug|Any CPU.Build.0 = Debug|Any CPU
		{719C6CBB-2B5A-4370-BBBE-0472C07809B0}.Release|Any CPU.ActiveCfg = Release|Any CPU
		{719C6CBB-2B5A-4370-BBBE-0472C07809B0}.Release|Any CPU.Build.0 = Release|Any CPU
	EndGlobalSection
	GlobalSection(SolutionProperties) = preSolution
		HideSolutionNode = FALSE
	EndGlobalSection
	GlobalSection(ExtensibilityGlobals) = postSolution
		SolutionGuid = {6F0E2F2A-6669-42A4-BCC7-7E49A64DEF34}
	EndGlobalSection
EndGlobal
